
Microsoft Visual Studio Solution File, Format Version 12.00
# Visual Studio Version 17
VisualStudioVersion = 17.0.31912.275
MinimumVisualStudioVersion = 10.0.40219.1
Project("{FAE04EC0-301F-11D3-BF4B-00C04F79EFBC}") = "ParseNews", "ParseNews\ParseNews.csproj", "{727F00DD-F81E-4D43-AFDF-C3B61078DD70}"
EndProject
Project("{FAE04EC0-301F-11D3-BF4B-00C04F79EFBC}") = "ConsoleApp1", "ConsoleApp1\ConsoleApp1.csproj", "{F293284E-B15D-4F96-98E2-159891B703CC}"
EndProject
Global
	GlobalSection(SolutionConfigurationPlatforms) = preSolution
		Debug|Any CPU = Debug|Any CPU
		Release|Any CPU = Release|Any CPU
	EndGlobalSection
	GlobalSection(ProjectConfigurationPlatforms) = postSolution
		{727F00DD-F81E-4D43-AFDF-C3B61078DD70}.Debug|Any CPU.ActiveCfg = Debug|Any CPU
		{727F00DD-F81E-4D43-AFDF-C3B61078DD70}.Debug|Any CPU.Build.0 = Debug|Any CPU
		{727F00DD-F81E-4D43-AFDF-C3B61078DD70}.Release|Any CPU.ActiveCfg = Release|Any CPU
		{727F00DD-F81E-4D43-AFDF-C3B61078DD70}.Release|Any CPU.Build.0 = Release|Any CPU
		{F293284E-B15D-4F96-98E2-159891B703CC}.Debug|Any CPU.ActiveCfg = Debug|Any CPU
		{F293284E-B15D-4F96-98E2-159891B703CC}.Debug|Any CPU.Build.0 = Debug|Any CPU
		{F293284E-B15D-4F96-98E2-159891B703CC}.Release|Any CPU.ActiveCfg = Release|Any CPU
		{F293284E-B15D-4F96-98E2-159891B703CC}.Release|Any CPU.Build.0 = Release|Any CPU
	EndGlobalSection
	GlobalSection(SolutionProperties) = preSolution
		HideSolutionNode = FALSE
	EndGlobalSection
	GlobalSection(ExtensibilityGlobals) = postSolution
		SolutionGuid = {2C9EC5CD-5732-4678-ACA7-8FB40D98D75C}
	EndGlobalSection
EndGlobal
